// !$*UTF8*$!
{
	archiveVersion = 1;
	classes = {
	};
	objectVersion = 46;
	objects = {

/* Begin PBXBuildFile section */
		5EE2CC2916EEECBD009E846C /* CoreMotion.framework in Frameworks */ = {isa = PBXBuildFile; fileRef = 5EE2CC2816EEECBD009E846C /* CoreMotion.framework */; };
		5EE2CC5E16EEFE9F009E846C /* .gitignore in Resources */ = {isa = PBXBuildFile; fileRef = 5EE2CC2D16EEFE9F009E846C /* .gitignore */; };
		5EE2CC5F16EEFE9F009E846C /* AppDelegate.m in Sources */ = {isa = PBXBuildFile; fileRef = 5EE2CC3016EEFE9F009E846C /* AppDelegate.m */; };
		5EE2CC6016EEFE9F009E846C /* Belts.m in Sources */ = {isa = PBXBuildFile; fileRef = 5EE2CC3216EEFE9F009E846C /* Belts.m */; };
		5EE2CC6116EEFE9F009E846C /* Blazer.m in Sources */ = {isa = PBXBuildFile; fileRef = 5EE2CC3416EEFE9F009E846C /* Blazer.m */; };
		5EE2CC6216EEFE9F009E846C /* ClothesItem.m in Sources */ = {isa = PBXBuildFile; fileRef = 5EE2CC3616EEFE9F009E846C /* ClothesItem.m */; };
		5EE2CC6316EEFE9F009E846C /* Default-568h@2x.png in Resources */ = {isa = PBXBuildFile; fileRef = 5EE2CC3816EEFE9F009E846C /* Default-568h@2x.png */; };
		5EE2CC6416EEFE9F009E846C /* Default.png in Resources */ = {isa = PBXBuildFile; fileRef = 5EE2CC3916EEFE9F009E846C /* Default.png */; };
		5EE2CC6516EEFE9F009E846C /* Default@2x.png in Resources */ = {isa = PBXBuildFile; fileRef = 5EE2CC3A16EEFE9F009E846C /* Default@2x.png */; };
		5EE2CC6616EEFE9F009E846C /* DressPants.m in Sources */ = {isa = PBXBuildFile; fileRef = 5EE2CC3C16EEFE9F009E846C /* DressPants.m */; };
		5EE2CC6716EEFE9F009E846C /* InfoPlist.strings in Resources */ = {isa = PBXBuildFile; fileRef = 5EE2CC3D16EEFE9F009E846C /* InfoPlist.strings */; };
		5EE2CC6816EEFE9F009E846C /* MainStoryboard.storyboard in Resources */ = {isa = PBXBuildFile; fileRef = 5EE2CC3F16EEFE9F009E846C /* MainStoryboard.storyboard */; };
		5EE2CC6A16EEFE9F009E846C /* Jeans.m in Sources */ = {isa = PBXBuildFile; fileRef = 5EE2CC4416EEFE9F009E846C /* Jeans.m */; };
		5EE2CC6B16EEFE9F009E846C /* Kahakis.m in Sources */ = {isa = PBXBuildFile; fileRef = 5EE2CC4616EEFE9F009E846C /* Kahakis.m */; };
		5EE2CC6C16EEFE9F009E846C /* main.m in Sources */ = {isa = PBXBuildFile; fileRef = 5EE2CC4716EEFE9F009E846C /* main.m */; };
		5EE2CC6D16EEFE9F009E846C /* Outfit.m in Sources */ = {isa = PBXBuildFile; fileRef = 5EE2CC4916EEFE9F009E846C /* Outfit.m */; };
		5EE2CC6E16EEFE9F009E846C /* PocketSquare.m in Sources */ = {isa = PBXBuildFile; fileRef = 5EE2CC4C16EEFE9F009E846C /* PocketSquare.m */; };
		5EE2CC6F16EEFE9F009E846C /* Shirt.m in Sources */ = {isa = PBXBuildFile; fileRef = 5EE2CC4E16EEFE9F009E846C /* Shirt.m */; };
		5EE2CC7016EEFE9F009E846C /* Shoes.m in Sources */ = {isa = PBXBuildFile; fileRef = 5EE2CC5016EEFE9F009E846C /* Shoes.m */; };
		5EE2CC7116EEFE9F009E846C /* Socks.m in Sources */ = {isa = PBXBuildFile; fileRef = 5EE2CC5216EEFE9F009E846C /* Socks.m */; };
		5EE2CC7216EEFE9F009E846C /* Suit.m in Sources */ = {isa = PBXBuildFile; fileRef = 5EE2CC5416EEFE9F009E846C /* Suit.m */; };
		5EE2CC7416EEFE9F009E846C /* Ties.m in Sources */ = {isa = PBXBuildFile; fileRef = 5EE2CC5716EEFE9F009E846C /* Ties.m */; };
		5EE2CC7516EEFE9F009E846C /* ViewController.m in Sources */ = {isa = PBXBuildFile; fileRef = 5EE2CC5916EEFE9F009E846C /* ViewController.m */; };
		5EE2CC7616EEFE9F009E846C /* README.md in Resources */ = {isa = PBXBuildFile; fileRef = 5EE2CC5D16EEFE9F009E846C /* README.md */; };
		F3379C1716F30CB300F81D06 /* tie4.gif in Resources */ = {isa = PBXBuildFile; fileRef = F3379C1116F30CB300F81D06 /* tie4.gif */; };
		F3410A4416ECF238007CA334 /* UIKit.framework in Frameworks */ = {isa = PBXBuildFile; fileRef = F3410A4316ECF238007CA334 /* UIKit.framework */; };
		F3410A4616ECF238007CA334 /* Foundation.framework in Frameworks */ = {isa = PBXBuildFile; fileRef = F3410A4516ECF238007CA334 /* Foundation.framework */; };
		F3410A4816ECF238007CA334 /* CoreGraphics.framework in Frameworks */ = {isa = PBXBuildFile; fileRef = F3410A4716ECF238007CA334 /* CoreGraphics.framework */; };
		F350A0A316F1AE4D00381B4D /* Modal.m in Sources */ = {isa = PBXBuildFile; fileRef = F350A0A216F1AE4D00381B4D /* Modal.m */; };
		F367070116F2E8BD00F723F2 /* BowTieViewController.m in Sources */ = {isa = PBXBuildFile; fileRef = F367070016F2E8BD00F723F2 /* BowTieViewController.m */; };
		F367070416F2E8EC00F723F2 /* BowTieViewCell.m in Sources */ = {isa = PBXBuildFile; fileRef = F367070316F2E8EC00F723F2 /* BowTieViewCell.m */; };
		F367070716F2E91900F723F2 /* PocketViewController.m in Sources */ = {isa = PBXBuildFile; fileRef = F367070616F2E91900F723F2 /* PocketViewController.m */; };
		F367070A16F2E93D00F723F2 /* PocketViewCell.m in Sources */ = {isa = PBXBuildFile; fileRef = F367070916F2E93D00F723F2 /* PocketViewCell.m */; };
		F367073616F30A0700F723F2 /* button.png in Resources */ = {isa = PBXBuildFile; fileRef = F367072716F30A0600F723F2 /* button.png */; };
		F367073716F30A0700F723F2 /* Icon-72@2x.png in Resources */ = {isa = PBXBuildFile; fileRef = F367072816F30A0600F723F2 /* Icon-72@2x.png */; };
		F367073816F30A0700F723F2 /* tie1.gif in Resources */ = {isa = PBXBuildFile; fileRef = F367072916F30A0600F723F2 /* tie1.gif */; };
		F367073916F30A0700F723F2 /* tie2.gif in Resources */ = {isa = PBXBuildFile; fileRef = F367072A16F30A0600F723F2 /* tie2.gif */; };
		F367073A16F30A0700F723F2 /* tie3.gif in Resources */ = {isa = PBXBuildFile; fileRef = F367072B16F30A0600F723F2 /* tie3.gif */; };
		F367073B16F30A0700F723F2 /* tie5.gif in Resources */ = {isa = PBXBuildFile; fileRef = F367072C16F30A0600F723F2 /* tie5.gif */; };
		F367073C16F30A0700F723F2 /* tie6.gif in Resources */ = {isa = PBXBuildFile; fileRef = F367072D16F30A0600F723F2 /* tie6.gif */; };
		F367073D16F30A0700F723F2 /* tie7.gif in Resources */ = {isa = PBXBuildFile; fileRef = F367072E16F30A0700F723F2 /* tie7.gif */; };
		F367073E16F30A0700F723F2 /* tie8.gif in Resources */ = {isa = PBXBuildFile; fileRef = F367072F16F30A0700F723F2 /* tie8.gif */; };
		F367073F16F30A0700F723F2 /* tie9.gif in Resources */ = {isa = PBXBuildFile; fileRef = F367073016F30A0700F723F2 /* tie9.gif */; };
		F3705E6016F2B6B900EB688B /* SwipeViewController.m in Sources */ = {isa = PBXBuildFile; fileRef = F3705E5F16F2B6B900EB688B /* SwipeViewController.m */; };
		F3705E6316F2BA4D00EB688B /* ScrollViewCell.m in Sources */ = {isa = PBXBuildFile; fileRef = F3705E6216F2BA4D00EB688B /* ScrollViewCell.m */; };
		F3705E6616F2BB1E00EB688B /* ScrollViewController.m in Sources */ = {isa = PBXBuildFile; fileRef = F3705E6516F2BB1E00EB688B /* ScrollViewController.m */; };
		F3C5426616F023E100DB609A /* suit.png in Resources */ = {isa = PBXBuildFile; fileRef = F3C5426516F023E100DB609A /* suit.png */; };
		F3DB0A1E16F2CA3B00AFD737 /* Icon.png in Resources */ = {isa = PBXBuildFile; fileRef = F3DB0A1D16F2CA3B00AFD737 /* Icon.png */; };
		F3DB0A2016F2CA3D00AFD737 /* Icon@2x.png in Resources */ = {isa = PBXBuildFile; fileRef = F3DB0A1F16F2CA3D00AFD737 /* Icon@2x.png */; };
		F3DB0A2416F2CA4800AFD737 /* Icon-72.png in Resources */ = {isa = PBXBuildFile; fileRef = F3DB0A2316F2CA4800AFD737 /* Icon-72.png */; };
		F3E22EDB16F3CD9D00F50EAB /* PickViewController.m in Sources */ = {isa = PBXBuildFile; fileRef = F3E22EDA16F3CD9D00F50EAB /* PickViewController.m */; };
		FAC57DB916F3AF6700CD7F9B /* NormalViewController.m in Sources */ = {isa = PBXBuildFile; fileRef = FAC57DB816F3AF6700CD7F9B /* NormalViewController.m */; };
		FAC57DC716F3C33100CD7F9B /* back.png in Resources */ = {isa = PBXBuildFile; fileRef = FAC57DC016F3C33000CD7F9B /* back.png */; };
		FAC57DC816F3C33100CD7F9B /* bow1.png in Resources */ = {isa = PBXBuildFile; fileRef = FAC57DC116F3C33000CD7F9B /* bow1.png */; };
		FAC57DC916F3C33100CD7F9B /* bow2.png in Resources */ = {isa = PBXBuildFile; fileRef = FAC57DC216F3C33000CD7F9B /* bow2.png */; };
		FAC57DCA16F3C33100CD7F9B /* bow3.png in Resources */ = {isa = PBXBuildFile; fileRef = FAC57DC316F3C33100CD7F9B /* bow3.png */; };
		FAC57DCB16F3C33100CD7F9B /* bow4.png in Resources */ = {isa = PBXBuildFile; fileRef = FAC57DC416F3C33100CD7F9B /* bow4.png */; };
		FAC57DCC16F3C33100CD7F9B /* bow5.png in Resources */ = {isa = PBXBuildFile; fileRef = FAC57DC516F3C33100CD7F9B /* bow5.png */; };
		FAC57DCD16F3C33100CD7F9B /* bow6.png in Resources */ = {isa = PBXBuildFile; fileRef = FAC57DC616F3C33100CD7F9B /* bow6.png */; };
/* End PBXBuildFile section */

/* Begin PBXFileReference section */
		5EE2CC2816EEECBD009E846C /* CoreMotion.framework */ = {isa = PBXFileReference; lastKnownFileType = wrapper.framework; name = CoreMotion.framework; path = System/Library/Frameworks/CoreMotion.framework; sourceTree = SDKROOT; };
		5EE2CC2D16EEFE9F009E846C /* .gitignore */ = {isa = PBXFileReference; fileEncoding = 4; lastKnownFileType = text; path = .gitignore; sourceTree = "<group>"; };
		5EE2CC2F16EEFE9F009E846C /* AppDelegate.h */ = {isa = PBXFileReference; fileEncoding = 4; lastKnownFileType = sourcecode.c.h; path = AppDelegate.h; sourceTree = "<group>"; };
		5EE2CC3016EEFE9F009E846C /* AppDelegate.m */ = {isa = PBXFileReference; fileEncoding = 4; lastKnownFileType = sourcecode.c.objc; path = AppDelegate.m; sourceTree = "<group>"; };
		5EE2CC3116EEFE9F009E846C /* Belts.h */ = {isa = PBXFileReference; fileEncoding = 4; lastKnownFileType = sourcecode.c.h; path = Belts.h; sourceTree = "<group>"; };
		5EE2CC3216EEFE9F009E846C /* Belts.m */ = {isa = PBXFileReference; fileEncoding = 4; lastKnownFileType = sourcecode.c.objc; path = Belts.m; sourceTree = "<group>"; };
		5EE2CC3316EEFE9F009E846C /* Blazer.h */ = {isa = PBXFileReference; fileEncoding = 4; lastKnownFileType = sourcecode.c.h; path = Blazer.h; sourceTree = "<group>"; };
		5EE2CC3416EEFE9F009E846C /* Blazer.m */ = {isa = PBXFileReference; fileEncoding = 4; lastKnownFileType = sourcecode.c.objc; path = Blazer.m; sourceTree = "<group>"; };
		5EE2CC3516EEFE9F009E846C /* ClothesItem.h */ = {isa = PBXFileReference; fileEncoding = 4; lastKnownFileType = sourcecode.c.h; path = ClothesItem.h; sourceTree = "<group>"; };
		5EE2CC3616EEFE9F009E846C /* ClothesItem.m */ = {isa = PBXFileReference; fileEncoding = 4; lastKnownFileType = sourcecode.c.objc; path = ClothesItem.m; sourceTree = "<group>"; };
		5EE2CC3716EEFE9F009E846C /* Color.h */ = {isa = PBXFileReference; fileEncoding = 4; lastKnownFileType = sourcecode.c.h; path = Color.h; sourceTree = "<group>"; };
		5EE2CC3816EEFE9F009E846C /* Default-568h@2x.png */ = {isa = PBXFileReference; lastKnownFileType = image.png; path = "Default-568h@2x.png"; sourceTree = "<group>"; };
		5EE2CC3916EEFE9F009E846C /* Default.png */ = {isa = PBXFileReference; lastKnownFileType = image.png; path = Default.png; sourceTree = "<group>"; };
		5EE2CC3A16EEFE9F009E846C /* Default@2x.png */ = {isa = PBXFileReference; lastKnownFileType = image.png; path = "Default@2x.png"; sourceTree = "<group>"; };
		5EE2CC3B16EEFE9F009E846C /* DressPants.h */ = {isa = PBXFileReference; fileEncoding = 4; lastKnownFileType = sourcecode.c.h; path = DressPants.h; sourceTree = "<group>"; };
		5EE2CC3C16EEFE9F009E846C /* DressPants.m */ = {isa = PBXFileReference; fileEncoding = 4; lastKnownFileType = sourcecode.c.objc; path = DressPants.m; sourceTree = "<group>"; };
		5EE2CC3E16EEFE9F009E846C /* en */ = {isa = PBXFileReference; lastKnownFileType = text.plist.strings; name = en; path = en.lproj/InfoPlist.strings; sourceTree = "<group>"; };
		5EE2CC4016EEFE9F009E846C /* en */ = {isa = PBXFileReference; lastKnownFileType = file.storyboard; name = en; path = en.lproj/MainStoryboard.storyboard; sourceTree = "<group>"; };
		5EE2CC4216EEFE9F009E846C /* IOS-APP-Challenge-Prefix.pch */ = {isa = PBXFileReference; fileEncoding = 4; lastKnownFileType = sourcecode.c.h; path = "IOS-APP-Challenge-Prefix.pch"; sourceTree = "<group>"; };
		5EE2CC4316EEFE9F009E846C /* Jeans.h */ = {isa = PBXFileReference; fileEncoding = 4; lastKnownFileType = sourcecode.c.h; path = Jeans.h; sourceTree = "<group>"; };
		5EE2CC4416EEFE9F009E846C /* Jeans.m */ = {isa = PBXFileReference; fileEncoding = 4; lastKnownFileType = sourcecode.c.objc; path = Jeans.m; sourceTree = "<group>"; };
		5EE2CC4516EEFE9F009E846C /* Kahakis.h */ = {isa = PBXFileReference; fileEncoding = 4; lastKnownFileType = sourcecode.c.h; path = Kahakis.h; sourceTree = "<group>"; };
		5EE2CC4616EEFE9F009E846C /* Kahakis.m */ = {isa = PBXFileReference; fileEncoding = 4; lastKnownFileType = sourcecode.c.objc; path = Kahakis.m; sourceTree = "<group>"; };
		5EE2CC4716EEFE9F009E846C /* main.m */ = {isa = PBXFileReference; fileEncoding = 4; lastKnownFileType = sourcecode.c.objc; path = main.m; sourceTree = "<group>"; };
		5EE2CC4816EEFE9F009E846C /* Outfit.h */ = {isa = PBXFileReference; fileEncoding = 4; lastKnownFileType = sourcecode.c.h; path = Outfit.h; sourceTree = "<group>"; };
		5EE2CC4916EEFE9F009E846C /* Outfit.m */ = {isa = PBXFileReference; fileEncoding = 4; lastKnownFileType = sourcecode.c.objc; path = Outfit.m; sourceTree = "<group>"; };
		5EE2CC4A16EEFE9F009E846C /* Pattern.h */ = {isa = PBXFileReference; fileEncoding = 4; lastKnownFileType = sourcecode.c.h; path = Pattern.h; sourceTree = "<group>"; };
		5EE2CC4B16EEFE9F009E846C /* PocketSquare.h */ = {isa = PBXFileReference; fileEncoding = 4; lastKnownFileType = sourcecode.c.h; path = PocketSquare.h; sourceTree = "<group>"; };
		5EE2CC4C16EEFE9F009E846C /* PocketSquare.m */ = {isa = PBXFileReference; fileEncoding = 4; lastKnownFileType = sourcecode.c.objc; path = PocketSquare.m; sourceTree = "<group>"; };
		5EE2CC4D16EEFE9F009E846C /* Shirt.h */ = {isa = PBXFileReference; fileEncoding = 4; lastKnownFileType = sourcecode.c.h; path = Shirt.h; sourceTree = "<group>"; };
		5EE2CC4E16EEFE9F009E846C /* Shirt.m */ = {isa = PBXFileReference; fileEncoding = 4; lastKnownFileType = sourcecode.c.objc; path = Shirt.m; sourceTree = "<group>"; };
		5EE2CC4F16EEFE9F009E846C /* Shoes.h */ = {isa = PBXFileReference; fileEncoding = 4; lastKnownFileType = sourcecode.c.h; path = Shoes.h; sourceTree = "<group>"; };
		5EE2CC5016EEFE9F009E846C /* Shoes.m */ = {isa = PBXFileReference; fileEncoding = 4; lastKnownFileType = sourcecode.c.objc; path = Shoes.m; sourceTree = "<group>"; };
		5EE2CC5116EEFE9F009E846C /* Socks.h */ = {isa = PBXFileReference; fileEncoding = 4; lastKnownFileType = sourcecode.c.h; path = Socks.h; sourceTree = "<group>"; };
		5EE2CC5216EEFE9F009E846C /* Socks.m */ = {isa = PBXFileReference; fileEncoding = 4; lastKnownFileType = sourcecode.c.objc; path = Socks.m; sourceTree = "<group>"; };
		5EE2CC5316EEFE9F009E846C /* Suit.h */ = {isa = PBXFileReference; fileEncoding = 4; lastKnownFileType = sourcecode.c.h; path = Suit.h; sourceTree = "<group>"; };
		5EE2CC5416EEFE9F009E846C /* Suit.m */ = {isa = PBXFileReference; fileEncoding = 4; lastKnownFileType = sourcecode.c.objc; path = Suit.m; sourceTree = "<group>"; };
		5EE2CC5616EEFE9F009E846C /* Ties.h */ = {isa = PBXFileReference; fileEncoding = 4; lastKnownFileType = sourcecode.c.h; path = Ties.h; sourceTree = "<group>"; };
		5EE2CC5716EEFE9F009E846C /* Ties.m */ = {isa = PBXFileReference; fileEncoding = 4; lastKnownFileType = sourcecode.c.objc; path = Ties.m; sourceTree = "<group>"; };
		5EE2CC5816EEFE9F009E846C /* ViewController.h */ = {isa = PBXFileReference; fileEncoding = 4; lastKnownFileType = sourcecode.c.h; path = ViewController.h; sourceTree = "<group>"; };
		5EE2CC5916EEFE9F009E846C /* ViewController.m */ = {isa = PBXFileReference; fileEncoding = 4; lastKnownFileType = sourcecode.c.objc; path = ViewController.m; sourceTree = "<group>"; };
		5EE2CC5A16EEFE9F009E846C /* IOS-APP-Challenge.xcodeproj */ = {isa = PBXFileReference; lastKnownFileType = "wrapper.pb-project"; path = "IOS-APP-Challenge.xcodeproj"; sourceTree = "<group>"; };
		5EE2CC5D16EEFE9F009E846C /* README.md */ = {isa = PBXFileReference; fileEncoding = 4; lastKnownFileType = text; path = README.md; sourceTree = "<group>"; };
		F3379C1116F30CB300F81D06 /* tie4.gif */ = {isa = PBXFileReference; lastKnownFileType = image.gif; path = tie4.gif; sourceTree = "<group>"; };
		F3410A4016ECF238007CA334 /* IOS-APP-Challenge.app */ = {isa = PBXFileReference; explicitFileType = wrapper.application; includeInIndex = 0; path = "IOS-APP-Challenge.app"; sourceTree = BUILT_PRODUCTS_DIR; };
		F3410A4316ECF238007CA334 /* UIKit.framework */ = {isa = PBXFileReference; lastKnownFileType = wrapper.framework; name = UIKit.framework; path = System/Library/Frameworks/UIKit.framework; sourceTree = SDKROOT; };
		F3410A4516ECF238007CA334 /* Foundation.framework */ = {isa = PBXFileReference; lastKnownFileType = wrapper.framework; name = Foundation.framework; path = System/Library/Frameworks/Foundation.framework; sourceTree = SDKROOT; };
		F3410A4716ECF238007CA334 /* CoreGraphics.framework */ = {isa = PBXFileReference; lastKnownFileType = wrapper.framework; name = CoreGraphics.framework; path = System/Library/Frameworks/CoreGraphics.framework; sourceTree = SDKROOT; };
		F350A0A116F1AE4D00381B4D /* Modal.h */ = {isa = PBXFileReference; fileEncoding = 4; lastKnownFileType = sourcecode.c.h; path = Modal.h; sourceTree = "<group>"; };
		F350A0A216F1AE4D00381B4D /* Modal.m */ = {isa = PBXFileReference; fileEncoding = 4; lastKnownFileType = sourcecode.c.objc; path = Modal.m; sourceTree = "<group>"; };
		F36706FF16F2E8BD00F723F2 /* BowTieViewController.h */ = {isa = PBXFileReference; fileEncoding = 4; lastKnownFileType = sourcecode.c.h; path = BowTieViewController.h; sourceTree = "<group>"; };
		F367070016F2E8BD00F723F2 /* BowTieViewController.m */ = {isa = PBXFileReference; fileEncoding = 4; lastKnownFileType = sourcecode.c.objc; path = BowTieViewController.m; sourceTree = "<group>"; };
		F367070216F2E8EC00F723F2 /* BowTieViewCell.h */ = {isa = PBXFileReference; fileEncoding = 4; lastKnownFileType = sourcecode.c.h; path = BowTieViewCell.h; sourceTree = "<group>"; };
		F367070316F2E8EC00F723F2 /* BowTieViewCell.m */ = {isa = PBXFileReference; fileEncoding = 4; lastKnownFileType = sourcecode.c.objc; path = BowTieViewCell.m; sourceTree = "<group>"; };
		F367070516F2E91900F723F2 /* PocketViewController.h */ = {isa = PBXFileReference; fileEncoding = 4; lastKnownFileType = sourcecode.c.h; path = PocketViewController.h; sourceTree = "<group>"; };
		F367070616F2E91900F723F2 /* PocketViewController.m */ = {isa = PBXFileReference; fileEncoding = 4; lastKnownFileType = sourcecode.c.objc; path = PocketViewController.m; sourceTree = "<group>"; };
		F367070816F2E93D00F723F2 /* PocketViewCell.h */ = {isa = PBXFileReference; fileEncoding = 4; lastKnownFileType = sourcecode.c.h; path = PocketViewCell.h; sourceTree = "<group>"; };
		F367070916F2E93D00F723F2 /* PocketViewCell.m */ = {isa = PBXFileReference; fileEncoding = 4; lastKnownFileType = sourcecode.c.objc; path = PocketViewCell.m; sourceTree = "<group>"; };
		F367072716F30A0600F723F2 /* button.png */ = {isa = PBXFileReference; lastKnownFileType = image.png; path = button.png; sourceTree = "<group>"; };
		F367072816F30A0600F723F2 /* Icon-72@2x.png */ = {isa = PBXFileReference; lastKnownFileType = image.png; path = "Icon-72@2x.png"; sourceTree = "<group>"; };
		F367072916F30A0600F723F2 /* tie1.gif */ = {isa = PBXFileReference; lastKnownFileType = image.gif; path = tie1.gif; sourceTree = "<group>"; };
		F367072A16F30A0600F723F2 /* tie2.gif */ = {isa = PBXFileReference; lastKnownFileType = image.gif; path = tie2.gif; sourceTree = "<group>"; };
		F367072B16F30A0600F723F2 /* tie3.gif */ = {isa = PBXFileReference; lastKnownFileType = image.gif; path = tie3.gif; sourceTree = "<group>"; };
		F367072C16F30A0600F723F2 /* tie5.gif */ = {isa = PBXFileReference; lastKnownFileType = image.gif; path = tie5.gif; sourceTree = "<group>"; };
		F367072D16F30A0600F723F2 /* tie6.gif */ = {isa = PBXFileReference; lastKnownFileType = image.gif; path = tie6.gif; sourceTree = "<group>"; };
		F367072E16F30A0700F723F2 /* tie7.gif */ = {isa = PBXFileReference; lastKnownFileType = image.gif; path = tie7.gif; sourceTree = "<group>"; };
		F367072F16F30A0700F723F2 /* tie8.gif */ = {isa = PBXFileReference; lastKnownFileType = image.gif; path = tie8.gif; sourceTree = "<group>"; };
		F367073016F30A0700F723F2 /* tie9.gif */ = {isa = PBXFileReference; lastKnownFileType = image.gif; path = tie9.gif; sourceTree = "<group>"; };
		F3705E5E16F2B6B900EB688B /* SwipeViewController.h */ = {isa = PBXFileReference; fileEncoding = 4; lastKnownFileType = sourcecode.c.h; path = SwipeViewController.h; sourceTree = "<group>"; };
		F3705E5F16F2B6B900EB688B /* SwipeViewController.m */ = {isa = PBXFileReference; fileEncoding = 4; lastKnownFileType = sourcecode.c.objc; path = SwipeViewController.m; sourceTree = "<group>"; };
		F3705E6116F2BA4D00EB688B /* ScrollViewCell.h */ = {isa = PBXFileReference; fileEncoding = 4; lastKnownFileType = sourcecode.c.h; path = ScrollViewCell.h; sourceTree = "<group>"; };
		F3705E6216F2BA4D00EB688B /* ScrollViewCell.m */ = {isa = PBXFileReference; fileEncoding = 4; lastKnownFileType = sourcecode.c.objc; path = ScrollViewCell.m; sourceTree = "<group>"; };
		F3705E6416F2BB1E00EB688B /* ScrollViewController.h */ = {isa = PBXFileReference; fileEncoding = 4; lastKnownFileType = sourcecode.c.h; path = ScrollViewController.h; sourceTree = "<group>"; };
		F3705E6516F2BB1E00EB688B /* ScrollViewController.m */ = {isa = PBXFileReference; fileEncoding = 4; lastKnownFileType = sourcecode.c.objc; path = ScrollViewController.m; sourceTree = "<group>"; };
		F3C5426516F023E100DB609A /* suit.png */ = {isa = PBXFileReference; lastKnownFileType = image.png; path = suit.png; sourceTree = "<group>"; };
		F3DB0A1D16F2CA3B00AFD737 /* Icon.png */ = {isa = PBXFileReference; lastKnownFileType = image.png; path = Icon.png; sourceTree = "<group>"; };
		F3DB0A1F16F2CA3D00AFD737 /* Icon@2x.png */ = {isa = PBXFileReference; lastKnownFileType = image.png; path = "Icon@2x.png"; sourceTree = "<group>"; };
		F3DB0A2316F2CA4800AFD737 /* Icon-72.png */ = {isa = PBXFileReference; lastKnownFileType = image.png; path = "Icon-72.png"; sourceTree = "<group>"; };
		F3E22ED916F3CD9D00F50EAB /* PickViewController.h */ = {isa = PBXFileReference; fileEncoding = 4; lastKnownFileType = sourcecode.c.h; path = PickViewController.h; sourceTree = "<group>"; };
		F3E22EDA16F3CD9D00F50EAB /* PickViewController.m */ = {isa = PBXFileReference; fileEncoding = 4; lastKnownFileType = sourcecode.c.objc; path = PickViewController.m; sourceTree = "<group>"; };
		FAC57DB716F3AF6700CD7F9B /* NormalViewController.h */ = {isa = PBXFileReference; fileEncoding = 4; lastKnownFileType = sourcecode.c.h; path = NormalViewController.h; sourceTree = "<group>"; };
		FAC57DB816F3AF6700CD7F9B /* NormalViewController.m */ = {isa = PBXFileReference; fileEncoding = 4; lastKnownFileType = sourcecode.c.objc; path = NormalViewController.m; sourceTree = "<group>"; };
		FAC57DC016F3C33000CD7F9B /* back.png */ = {isa = PBXFileReference; lastKnownFileType = image.png; path = back.png; sourceTree = "<group>"; };
		FAC57DC116F3C33000CD7F9B /* bow1.png */ = {isa = PBXFileReference; lastKnownFileType = image.png; path = bow1.png; sourceTree = "<group>"; };
		FAC57DC216F3C33000CD7F9B /* bow2.png */ = {isa = PBXFileReference; lastKnownFileType = image.png; path = bow2.png; sourceTree = "<group>"; };
		FAC57DC316F3C33100CD7F9B /* bow3.png */ = {isa = PBXFileReference; lastKnownFileType = image.png; path = bow3.png; sourceTree = "<group>"; };
		FAC57DC416F3C33100CD7F9B /* bow4.png */ = {isa = PBXFileReference; lastKnownFileType = image.png; path = bow4.png; sourceTree = "<group>"; };
		FAC57DC516F3C33100CD7F9B /* bow5.png */ = {isa = PBXFileReference; lastKnownFileType = image.png; path = bow5.png; sourceTree = "<group>"; };
		FAC57DC616F3C33100CD7F9B /* bow6.png */ = {isa = PBXFileReference; lastKnownFileType = image.png; path = bow6.png; sourceTree = "<group>"; };
/* End PBXFileReference section */

/* Begin PBXFrameworksBuildPhase section */
		F3410A3D16ECF238007CA334 /* Frameworks */ = {
			isa = PBXFrameworksBuildPhase;
			buildActionMask = 2147483647;
			files = (
				5EE2CC2916EEECBD009E846C /* CoreMotion.framework in Frameworks */,
				F3410A4416ECF238007CA334 /* UIKit.framework in Frameworks */,
				F3410A4616ECF238007CA334 /* Foundation.framework in Frameworks */,
				F3410A4816ECF238007CA334 /* CoreGraphics.framework in Frameworks */,
			);
			runOnlyForDeploymentPostprocessing = 0;
		};
/* End PBXFrameworksBuildPhase section */

/* Begin PBXGroup section */
		5EE2CC2C16EEFE9F009E846C /* IOS-App-Challenge */ = {
			isa = PBXGroup;
			children = (
				5EE2CC2D16EEFE9F009E846C /* .gitignore */,
				5EE2CC2E16EEFE9F009E846C /* IOS-APP-Challenge */,
				5EE2CC5A16EEFE9F009E846C /* IOS-APP-Challenge.xcodeproj */,
				5EE2CC5D16EEFE9F009E846C /* README.md */,
			);
			name = "IOS-App-Challenge";
			sourceTree = "<group>";
		};
		5EE2CC2E16EEFE9F009E846C /* IOS-APP-Challenge */ = {
			isa = PBXGroup;
			children = (
				5EE2CC3016EEFE9F009E846C /* AppDelegate.m */,
				68E295C716F1716B00B28D1D /* types */,
				5EE2CC2F16EEFE9F009E846C /* AppDelegate.h */,
				5EE2CC3716EEFE9F009E846C /* Color.h */,
				5EE2CC3816EEFE9F009E846C /* Default-568h@2x.png */,
				5EE2CC3916EEFE9F009E846C /* Default.png */,
				5EE2CC2F16EEFE9F009E846C /* AppDelegate.h */,
				5EE2CC3A16EEFE9F009E846C /* Default@2x.png */,
				5EE2CC3D16EEFE9F009E846C /* InfoPlist.strings */,
				5EE2CC3016EEFE9F009E846C /* AppDelegate.m */,
				5EE2CC3F16EEFE9F009E846C /* MainStoryboard.storyboard */,
				F3E22ED916F3CD9D00F50EAB /* PickViewController.h */,
				F3E22EDA16F3CD9D00F50EAB /* PickViewController.m */,
				FAC57DB716F3AF6700CD7F9B /* NormalViewController.h */,
				FAC57DB816F3AF6700CD7F9B /* NormalViewController.m */,
				F367070816F2E93D00F723F2 /* PocketViewCell.h */,
				F367070916F2E93D00F723F2 /* PocketViewCell.m */,
				F367070516F2E91900F723F2 /* PocketViewController.h */,
				F367070616F2E91900F723F2 /* PocketViewController.m */,
				F367070216F2E8EC00F723F2 /* BowTieViewCell.h */,
				F367070316F2E8EC00F723F2 /* BowTieViewCell.m */,
				F3705E6116F2BA4D00EB688B /* ScrollViewCell.h */,
				F3705E6216F2BA4D00EB688B /* ScrollViewCell.m */,
				F3705E6416F2BB1E00EB688B /* ScrollViewController.h */,
				F3705E6516F2BB1E00EB688B /* ScrollViewController.m */,
				5EE2CC4216EEFE9F009E846C /* IOS-APP-Challenge-Prefix.pch */,
				5EE2CC4716EEFE9F009E846C /* main.m */,
				5EE2CC4A16EEFE9F009E846C /* Pattern.h */,
				F3C5426516F023E100DB609A /* suit.png */,
				5EE2CC5816EEFE9F009E846C /* ViewController.h */,
				5EE2CC5916EEFE9F009E846C /* ViewController.m */,
			);
			path = "IOS-APP-Challenge";
			sourceTree = "<group>";
		};
		5EE2CC5B16EEFE9F009E846C /* Products */ = {
			isa = PBXGroup;
			name = Products;
			sourceTree = "<group>";
		};
		68E295C716F1716B00B28D1D /* types */ = {
			isa = PBXGroup;
			children = (
				5EE2CC4816EEFE9F009E846C /* Outfit.h */,
				5EE2CC4916EEFE9F009E846C /* Outfit.m */,
				5EE2CC3516EEFE9F009E846C /* ClothesItem.h */,
				5EE2CC3616EEFE9F009E846C /* ClothesItem.m */,
				5EE2CC3116EEFE9F009E846C /* Belts.h */,
				5EE2CC3216EEFE9F009E846C /* Belts.m */,
				5EE2CC3316EEFE9F009E846C /* Blazer.h */,
				5EE2CC3416EEFE9F009E846C /* Blazer.m */,
				5EE2CC3B16EEFE9F009E846C /* DressPants.h */,
				5EE2CC3C16EEFE9F009E846C /* DressPants.m */,
				5EE2CC4316EEFE9F009E846C /* Jeans.h */,
				5EE2CC4416EEFE9F009E846C /* Jeans.m */,
				5EE2CC4516EEFE9F009E846C /* Kahakis.h */,
				5EE2CC4616EEFE9F009E846C /* Kahakis.m */,
				5EE2CC4B16EEFE9F009E846C /* PocketSquare.h */,
				5EE2CC4C16EEFE9F009E846C /* PocketSquare.m */,
				5EE2CC4D16EEFE9F009E846C /* Shirt.h */,
				5EE2CC4E16EEFE9F009E846C /* Shirt.m */,
				5EE2CC4F16EEFE9F009E846C /* Shoes.h */,
				5EE2CC5016EEFE9F009E846C /* Shoes.m */,
				5EE2CC5116EEFE9F009E846C /* Socks.h */,
				5EE2CC5216EEFE9F009E846C /* Socks.m */,
				5EE2CC5316EEFE9F009E846C /* Suit.h */,
				5EE2CC5416EEFE9F009E846C /* Suit.m */,
				5EE2CC5616EEFE9F009E846C /* Ties.h */,
				5EE2CC5716EEFE9F009E846C /* Ties.m */,
			);
			name = types;
			sourceTree = "<group>";
		};
		F3410A3716ECF238007CA334 = {
			isa = PBXGroup;
			children = (
				F36706FF16F2E8BD00F723F2 /* BowTieViewController.h */,
				F367070016F2E8BD00F723F2 /* BowTieViewController.m */,
				F3379C1116F30CB300F81D06 /* tie4.gif */,
				F367072716F30A0600F723F2 /* button.png */,
				FAC57DC016F3C33000CD7F9B /* back.png */,
				FAC57DC116F3C33000CD7F9B /* bow1.png */,
				FAC57DC216F3C33000CD7F9B /* bow2.png */,
				FAC57DC316F3C33100CD7F9B /* bow3.png */,
				FAC57DC416F3C33100CD7F9B /* bow4.png */,
				FAC57DC516F3C33100CD7F9B /* bow5.png */,
				FAC57DC616F3C33100CD7F9B /* bow6.png */,
				F367072816F30A0600F723F2 /* Icon-72@2x.png */,
				F367072916F30A0600F723F2 /* tie1.gif */,
				F367072A16F30A0600F723F2 /* tie2.gif */,
				F367072B16F30A0600F723F2 /* tie3.gif */,
				F367072C16F30A0600F723F2 /* tie5.gif */,
				F367072D16F30A0600F723F2 /* tie6.gif */,
				F367072E16F30A0700F723F2 /* tie7.gif */,
				F367072F16F30A0700F723F2 /* tie8.gif */,
				F367073016F30A0700F723F2 /* tie9.gif */,
				F3DB0A2316F2CA4800AFD737 /* Icon-72.png */,
				F3DB0A1F16F2CA3D00AFD737 /* Icon@2x.png */,
				F3DB0A1D16F2CA3B00AFD737 /* Icon.png */,
				F350A0A116F1AE4D00381B4D /* Modal.h */,
				F350A0A216F1AE4D00381B4D /* Modal.m */,
				F3705E5E16F2B6B900EB688B /* SwipeViewController.h */,
				F3705E5F16F2B6B900EB688B /* SwipeViewController.m */,
				5EE2CC2C16EEFE9F009E846C /* IOS-App-Challenge */,
				5EE2CC2816EEECBD009E846C /* CoreMotion.framework */,
				F3410A4216ECF238007CA334 /* Frameworks */,
				F3410A4116ECF238007CA334 /* Products */,
			);
			sourceTree = "<group>";
		};
		F3410A4116ECF238007CA334 /* Products */ = {
			isa = PBXGroup;
			children = (
				F3410A4016ECF238007CA334 /* IOS-APP-Challenge.app */,
			);
			name = Products;
			sourceTree = "<group>";
		};
		F3410A4216ECF238007CA334 /* Frameworks */ = {
			isa = PBXGroup;
			children = (
				F3410A4316ECF238007CA334 /* UIKit.framework */,
				F3410A4516ECF238007CA334 /* Foundation.framework */,
				F3410A4716ECF238007CA334 /* CoreGraphics.framework */,
			);
			name = Frameworks;
			sourceTree = "<group>";
		};
/* End PBXGroup section */

/* Begin PBXNativeTarget section */
		F3410A3F16ECF238007CA334 /* IOS-APP-Challenge */ = {
			isa = PBXNativeTarget;
			buildConfigurationList = F3410A6316ECF239007CA334 /* Build configuration list for PBXNativeTarget "IOS-APP-Challenge" */;
			buildPhases = (
				F3410A3C16ECF238007CA334 /* Sources */,
				F3410A3D16ECF238007CA334 /* Frameworks */,
				F3410A3E16ECF238007CA334 /* Resources */,
			);
			buildRules = (
			);
			dependencies = (
			);
			name = "IOS-APP-Challenge";
			productName = "IOS-APP-Challenge";
			productReference = F3410A4016ECF238007CA334 /* IOS-APP-Challenge.app */;
			productType = "com.apple.product-type.application";
		};
/* End PBXNativeTarget section */

/* Begin PBXProject section */
		F3410A3816ECF238007CA334 /* Project object */ = {
			isa = PBXProject;
			attributes = {
				LastUpgradeCheck = 0460;
				ORGANIZATIONNAME = Mentor;
			};
			buildConfigurationList = F3410A3B16ECF238007CA334 /* Build configuration list for PBXProject "IOS-APP-Challenge" */;
			compatibilityVersion = "Xcode 3.2";
			developmentRegion = English;
			hasScannedForEncodings = 0;
			knownRegions = (
				en,
			);
			mainGroup = F3410A3716ECF238007CA334;
			productRefGroup = F3410A4116ECF238007CA334 /* Products */;
			projectDirPath = "";
			projectReferences = (
				{
					ProductGroup = 5EE2CC5B16EEFE9F009E846C /* Products */;
					ProjectRef = 5EE2CC5A16EEFE9F009E846C /* IOS-APP-Challenge.xcodeproj */;
				},
			);
			projectRoot = "";
			targets = (
				F3410A3F16ECF238007CA334 /* IOS-APP-Challenge */,
			);
		};
/* End PBXProject section */

/* Begin PBXResourcesBuildPhase section */
		F3410A3E16ECF238007CA334 /* Resources */ = {
			isa = PBXResourcesBuildPhase;
			buildActionMask = 2147483647;
			files = (
				5EE2CC5E16EEFE9F009E846C /* .gitignore in Resources */,
				5EE2CC6316EEFE9F009E846C /* Default-568h@2x.png in Resources */,
				5EE2CC6416EEFE9F009E846C /* Default.png in Resources */,
				5EE2CC6516EEFE9F009E846C /* Default@2x.png in Resources */,
				5EE2CC6716EEFE9F009E846C /* InfoPlist.strings in Resources */,
				5EE2CC6816EEFE9F009E846C /* MainStoryboard.storyboard in Resources */,
				5EE2CC7616EEFE9F009E846C /* README.md in Resources */,
				F3C5426616F023E100DB609A /* suit.png in Resources */,
				F3DB0A1E16F2CA3B00AFD737 /* Icon.png in Resources */,
				F3DB0A2016F2CA3D00AFD737 /* Icon@2x.png in Resources */,
				F3DB0A2416F2CA4800AFD737 /* Icon-72.png in Resources */,
				F367073616F30A0700F723F2 /* button.png in Resources */,
				F367073716F30A0700F723F2 /* Icon-72@2x.png in Resources */,
				F367073816F30A0700F723F2 /* tie1.gif in Resources */,
				F367073916F30A0700F723F2 /* tie2.gif in Resources */,
				F367073A16F30A0700F723F2 /* tie3.gif in Resources */,
				F367073B16F30A0700F723F2 /* tie5.gif in Resources */,
				F367073C16F30A0700F723F2 /* tie6.gif in Resources */,
				F367073D16F30A0700F723F2 /* tie7.gif in Resources */,
				F367073E16F30A0700F723F2 /* tie8.gif in Resources */,
				F367073F16F30A0700F723F2 /* tie9.gif in Resources */,
				F3379C1716F30CB300F81D06 /* tie4.gif in Resources */,
				FAC57DC716F3C33100CD7F9B /* back.png in Resources */,
				FAC57DC816F3C33100CD7F9B /* bow1.png in Resources */,
				FAC57DC916F3C33100CD7F9B /* bow2.png in Resources */,
				FAC57DCA16F3C33100CD7F9B /* bow3.png in Resources */,
				FAC57DCB16F3C33100CD7F9B /* bow4.png in Resources */,
				FAC57DCC16F3C33100CD7F9B /* bow5.png in Resources */,
				FAC57DCD16F3C33100CD7F9B /* bow6.png in Resources */,
			);
			runOnlyForDeploymentPostprocessing = 0;
		};
/* End PBXResourcesBuildPhase section */

/* Begin PBXSourcesBuildPhase section */
		F3410A3C16ECF238007CA334 /* Sources */ = {
			isa = PBXSourcesBuildPhase;
			buildActionMask = 2147483647;
			files = (
				5EE2CC5F16EEFE9F009E846C /* AppDelegate.m in Sources */,
				5EE2CC6016EEFE9F009E846C /* Belts.m in Sources */,
				5EE2CC6116EEFE9F009E846C /* Blazer.m in Sources */,
				5EE2CC6216EEFE9F009E846C /* ClothesItem.m in Sources */,
				5EE2CC6616EEFE9F009E846C /* DressPants.m in Sources */,
				5EE2CC6A16EEFE9F009E846C /* Jeans.m in Sources */,
				5EE2CC6B16EEFE9F009E846C /* Kahakis.m in Sources */,
				5EE2CC6C16EEFE9F009E846C /* main.m in Sources */,
				5EE2CC6D16EEFE9F009E846C /* Outfit.m in Sources */,
				5EE2CC6E16EEFE9F009E846C /* PocketSquare.m in Sources */,
				5EE2CC6F16EEFE9F009E846C /* Shirt.m in Sources */,
				5EE2CC7016EEFE9F009E846C /* Shoes.m in Sources */,
				5EE2CC7116EEFE9F009E846C /* Socks.m in Sources */,
				5EE2CC7216EEFE9F009E846C /* Suit.m in Sources */,
				5EE2CC7416EEFE9F009E846C /* Ties.m in Sources */,
				5EE2CC7516EEFE9F009E846C /* ViewController.m in Sources */,
				F350A0A316F1AE4D00381B4D /* Modal.m in Sources */,
				F3705E6016F2B6B900EB688B /* SwipeViewController.m in Sources */,
				F3705E6316F2BA4D00EB688B /* ScrollViewCell.m in Sources */,
				F3705E6616F2BB1E00EB688B /* ScrollViewController.m in Sources */,
				F367070116F2E8BD00F723F2 /* BowTieViewController.m in Sources */,
				F367070416F2E8EC00F723F2 /* BowTieViewCell.m in Sources */,
				F367070716F2E91900F723F2 /* PocketViewController.m in Sources */,
				F367070A16F2E93D00F723F2 /* PocketViewCell.m in Sources */,
				FAC57DB916F3AF6700CD7F9B /* NormalViewController.m in Sources */,
				F3E22EDB16F3CD9D00F50EAB /* PickViewController.m in Sources */,
			);
			runOnlyForDeploymentPostprocessing = 0;
		};
/* End PBXSourcesBuildPhase section */

/* Begin PBXVariantGroup section */
		5EE2CC3D16EEFE9F009E846C /* InfoPlist.strings */ = {
			isa = PBXVariantGroup;
			children = (
				5EE2CC3E16EEFE9F009E846C /* en */,
			);
			name = InfoPlist.strings;
			sourceTree = "<group>";
		};
		5EE2CC3F16EEFE9F009E846C /* MainStoryboard.storyboard */ = {
			isa = PBXVariantGroup;
			children = (
				5EE2CC4016EEFE9F009E846C /* en */,
			);
			name = MainStoryboard.storyboard;
			sourceTree = "<group>";
		};
/* End PBXVariantGroup section */

/* Begin XCBuildConfiguration section */
		F3410A6116ECF239007CA334 /* Debug */ = {
			isa = XCBuildConfiguration;
			buildSettings = {
				ALWAYS_SEARCH_USER_PATHS = NO;
				CLANG_CXX_LANGUAGE_STANDARD = "gnu++0x";
				CLANG_CXX_LIBRARY = "libc++";
				CLANG_ENABLE_OBJC_ARC = YES;
				CLANG_WARN_CONSTANT_CONVERSION = YES;
				CLANG_WARN_EMPTY_BODY = YES;
				CLANG_WARN_ENUM_CONVERSION = YES;
				CLANG_WARN_INT_CONVERSION = YES;
				CLANG_WARN__DUPLICATE_METHOD_MATCH = YES;
				"CODE_SIGN_IDENTITY[sdk=iphoneos*]" = "iPhone Developer";
				COPY_PHASE_STRIP = NO;
				GCC_C_LANGUAGE_STANDARD = gnu99;
				GCC_DYNAMIC_NO_PIC = NO;
				GCC_OPTIMIZATION_LEVEL = 0;
				GCC_PREPROCESSOR_DEFINITIONS = (
					"DEBUG=1",
					"$(inherited)",
				);
				GCC_SYMBOLS_PRIVATE_EXTERN = NO;
				GCC_WARN_ABOUT_RETURN_TYPE = YES;
				GCC_WARN_UNINITIALIZED_AUTOS = YES;
				GCC_WARN_UNUSED_VARIABLE = YES;
				IPHONEOS_DEPLOYMENT_TARGET = 6.1;
				ONLY_ACTIVE_ARCH = YES;
				SDKROOT = iphoneos;
			};
			name = Debug;
		};
		F3410A6216ECF239007CA334 /* Release */ = {
			isa = XCBuildConfiguration;
			buildSettings = {
				ALWAYS_SEARCH_USER_PATHS = NO;
				CLANG_CXX_LANGUAGE_STANDARD = "gnu++0x";
				CLANG_CXX_LIBRARY = "libc++";
				CLANG_ENABLE_OBJC_ARC = YES;
				CLANG_WARN_CONSTANT_CONVERSION = YES;
				CLANG_WARN_EMPTY_BODY = YES;
				CLANG_WARN_ENUM_CONVERSION = YES;
				CLANG_WARN_INT_CONVERSION = YES;
				CLANG_WARN__DUPLICATE_METHOD_MATCH = YES;
				"CODE_SIGN_IDENTITY[sdk=iphoneos*]" = "iPhone Developer";
				COPY_PHASE_STRIP = YES;
				GCC_C_LANGUAGE_STANDARD = gnu99;
				GCC_WARN_ABOUT_RETURN_TYPE = YES;
				GCC_WARN_UNINITIALIZED_AUTOS = YES;
				GCC_WARN_UNUSED_VARIABLE = YES;
				IPHONEOS_DEPLOYMENT_TARGET = 6.1;
				OTHER_CFLAGS = "-DNS_BLOCK_ASSERTIONS=1";
				SDKROOT = iphoneos;
				VALIDATE_PRODUCT = YES;
			};
			name = Release;
		};
		F3410A6416ECF239007CA334 /* Debug */ = {
			isa = XCBuildConfiguration;
			buildSettings = {
				GCC_PRECOMPILE_PREFIX_HEADER = YES;
				GCC_PREFIX_HEADER = "IOS-APP-Challenge/IOS-APP-Challenge-Prefix.pch";
				INFOPLIST_FILE = "IOS-APP-Challenge/IOS-APP-Challenge-Info.plist";
				IPHONEOS_DEPLOYMENT_TARGET = 6.0;
				PRODUCT_NAME = "$(TARGET_NAME)";
				TARGETED_DEVICE_FAMILY = 1;
				WRAPPER_EXTENSION = app;
			};
			name = Debug;
		};
		F3410A6516ECF239007CA334 /* Release */ = {
			isa = XCBuildConfiguration;
			buildSettings = {
				GCC_PRECOMPILE_PREFIX_HEADER = YES;
				GCC_PREFIX_HEADER = "IOS-APP-Challenge/IOS-APP-Challenge-Prefix.pch";
				INFOPLIST_FILE = "IOS-APP-Challenge/IOS-APP-Challenge-Info.plist";
				IPHONEOS_DEPLOYMENT_TARGET = 6.0;
				PRODUCT_NAME = "$(TARGET_NAME)";
				TARGETED_DEVICE_FAMILY = 1;
				WRAPPER_EXTENSION = app;
			};
			name = Release;
		};
/* End XCBuildConfiguration section */

/* Begin XCConfigurationList section */
		F3410A3B16ECF238007CA334 /* Build configuration list for PBXProject "IOS-APP-Challenge" */ = {
			isa = XCConfigurationList;
			buildConfigurations = (
				F3410A6116ECF239007CA334 /* Debug */,
				F3410A6216ECF239007CA334 /* Release */,
			);
			defaultConfigurationIsVisible = 0;
			defaultConfigurationName = Release;
		};
		F3410A6316ECF239007CA334 /* Build configuration list for PBXNativeTarget "IOS-APP-Challenge" */ = {
			isa = XCConfigurationList;
			buildConfigurations = (
				F3410A6416ECF239007CA334 /* Debug */,
				F3410A6516ECF239007CA334 /* Release */,
			);
			defaultConfigurationIsVisible = 0;
			defaultConfigurationName = Release;
		};
/* End XCConfigurationList section */
	};
	rootObject = F3410A3816ECF238007CA334 /* Project object */;
}
